// !$*UTF8*$!
{
	archiveVersion = 1;
	classes = {
	};
	objectVersion = 50;
	objects = {

/* Begin PBXBuildFile section */
		A304892821C347010026EDA7 /* AppDelegate.swift in Sources */ = {isa = PBXBuildFile; fileRef = A304892721C347010026EDA7 /* AppDelegate.swift */; };
		A304892A21C347010026EDA7 /* ViewController.swift in Sources */ = {isa = PBXBuildFile; fileRef = A304892921C347010026EDA7 /* ViewController.swift */; };
		A304892D21C347010026EDA7 /* Main.storyboard in Resources */ = {isa = PBXBuildFile; fileRef = A304892B21C347010026EDA7 /* Main.storyboard */; };
		A304892F21C347020026EDA7 /* Assets.xcassets in Resources */ = {isa = PBXBuildFile; fileRef = A304892E21C347020026EDA7 /* Assets.xcassets */; };
		A304893221C347020026EDA7 /* LaunchScreen.storyboard in Resources */ = {isa = PBXBuildFile; fileRef = A304893021C347020026EDA7 /* LaunchScreen.storyboard */; };
		A304893A21C347190026EDA7 /* CollectionView.swift in Sources */ = {isa = PBXBuildFile; fileRef = A304893921C347190026EDA7 /* CollectionView.swift */; };
		A304893D21C3472E0026EDA7 /* UIScrollView+CollectionKit.swift in Sources */ = {isa = PBXBuildFile; fileRef = A304893B21C3472E0026EDA7 /* UIScrollView+CollectionKit.swift */; };
		A304893E21C3472E0026EDA7 /* Util.swift in Sources */ = {isa = PBXBuildFile; fileRef = A304893C21C3472E0026EDA7 /* Util.swift */; };
		A304894021C347420026EDA7 /* Provider.swift in Sources */ = {isa = PBXBuildFile; fileRef = A304893F21C347420026EDA7 /* Provider.swift */; };
		A304894221C35F2F0026EDA7 /* CollectionReuseManager.swift in Sources */ = {isa = PBXBuildFile; fileRef = A304894121C35F2F0026EDA7 /* CollectionReuseManager.swift */; };
		A31FEA3E21DD1CDA008D7667 /* FlexLayout.swift in Sources */ = {isa = PBXBuildFile; fileRef = A31FEA3D21DD1CDA008D7667 /* FlexLayout.swift */; };
		A31FEA4021DD1D14008D7667 /* LayoutHelper.swift in Sources */ = {isa = PBXBuildFile; fileRef = A31FEA3F21DD1D14008D7667 /* LayoutHelper.swift */; };
		A31FEA4421E445C5008D7667 /* FlowLayout.swift in Sources */ = {isa = PBXBuildFile; fileRef = A31FEA4321E445C5008D7667 /* FlowLayout.swift */; };
		A31FEA4721E44848008D7667 /* WaterfallLayout.swift in Sources */ = {isa = PBXBuildFile; fileRef = A31FEA4621E44848008D7667 /* WaterfallLayout.swift */; };
		A31FEA4921E44854008D7667 /* LayoutProvider.swift in Sources */ = {isa = PBXBuildFile; fileRef = A31FEA4821E44854008D7667 /* LayoutProvider.swift */; };
		A31FEA4B21E44871008D7667 /* SortedLayoutProvider.swift in Sources */ = {isa = PBXBuildFile; fileRef = A31FEA4A21E44871008D7667 /* SortedLayoutProvider.swift */; };
		A31FEA4D21E448E0008D7667 /* InsetLayout.swift in Sources */ = {isa = PBXBuildFile; fileRef = A31FEA4C21E448E0008D7667 /* InsetLayout.swift */; };
		A31FEA4F21E44981008D7667 /* ClosureViewProvider.swift in Sources */ = {isa = PBXBuildFile; fileRef = A31FEA4E21E44981008D7667 /* ClosureViewProvider.swift */; };
		A31FEA5121E44A34008D7667 /* StickyLayout.swift in Sources */ = {isa = PBXBuildFile; fileRef = A31FEA5021E44A34008D7667 /* StickyLayout.swift */; };
		A31FEA5321E462AB008D7667 /* VisibleFrameInset.swift in Sources */ = {isa = PBXBuildFile; fileRef = A31FEA5221E462AB008D7667 /* VisibleFrameInset.swift */; };
		A327227021F9328F00FBB493 /* UIView+CollectionKit.swift in Sources */ = {isa = PBXBuildFile; fileRef = A327226F21F9328F00FBB493 /* UIView+CollectionKit.swift */; };
		A3881A6121D595B00088FA90 /* Animator.swift in Sources */ = {isa = PBXBuildFile; fileRef = A3881A6021D595B00088FA90 /* Animator.swift */; };
		A3881A6321D59C640088FA90 /* AnimatedReloadAnimator.swift in Sources */ = {isa = PBXBuildFile; fileRef = A3881A6221D59C640088FA90 /* AnimatedReloadAnimator.swift */; };
/* End PBXBuildFile section */

/* Begin PBXFileReference section */
		A304892421C347010026EDA7 /* CollectionKit2.app */ = {isa = PBXFileReference; explicitFileType = wrapper.application; includeInIndex = 0; path = CollectionKit2.app; sourceTree = BUILT_PRODUCTS_DIR; };
		A304892721C347010026EDA7 /* AppDelegate.swift */ = {isa = PBXFileReference; lastKnownFileType = sourcecode.swift; path = AppDelegate.swift; sourceTree = "<group>"; };
		A304892921C347010026EDA7 /* ViewController.swift */ = {isa = PBXFileReference; lastKnownFileType = sourcecode.swift; path = ViewController.swift; sourceTree = "<group>"; };
		A304892C21C347010026EDA7 /* Base */ = {isa = PBXFileReference; lastKnownFileType = file.storyboard; name = Base; path = Base.lproj/Main.storyboard; sourceTree = "<group>"; };
		A304892E21C347020026EDA7 /* Assets.xcassets */ = {isa = PBXFileReference; lastKnownFileType = folder.assetcatalog; path = Assets.xcassets; sourceTree = "<group>"; };
		A304893121C347020026EDA7 /* Base */ = {isa = PBXFileReference; lastKnownFileType = file.storyboard; name = Base; path = Base.lproj/LaunchScreen.storyboard; sourceTree = "<group>"; };
		A304893321C347020026EDA7 /* Info.plist */ = {isa = PBXFileReference; lastKnownFileType = text.plist.xml; path = Info.plist; sourceTree = "<group>"; };
		A304893921C347190026EDA7 /* CollectionView.swift */ = {isa = PBXFileReference; fileEncoding = 4; lastKnownFileType = sourcecode.swift; path = CollectionView.swift; sourceTree = "<group>"; };
		A304893B21C3472E0026EDA7 /* UIScrollView+CollectionKit.swift */ = {isa = PBXFileReference; fileEncoding = 4; lastKnownFileType = sourcecode.swift; path = "UIScrollView+CollectionKit.swift"; sourceTree = "<group>"; };
		A304893C21C3472E0026EDA7 /* Util.swift */ = {isa = PBXFileReference; fileEncoding = 4; lastKnownFileType = sourcecode.swift; path = Util.swift; sourceTree = "<group>"; };
		A304893F21C347420026EDA7 /* Provider.swift */ = {isa = PBXFileReference; fileEncoding = 4; lastKnownFileType = sourcecode.swift; path = Provider.swift; sourceTree = "<group>"; };
		A304894121C35F2F0026EDA7 /* CollectionReuseManager.swift */ = {isa = PBXFileReference; fileEncoding = 4; lastKnownFileType = sourcecode.swift; path = CollectionReuseManager.swift; sourceTree = "<group>"; };
		A31FEA3D21DD1CDA008D7667 /* FlexLayout.swift */ = {isa = PBXFileReference; lastKnownFileType = sourcecode.swift; path = FlexLayout.swift; sourceTree = "<group>"; };
		A31FEA3F21DD1D14008D7667 /* LayoutHelper.swift */ = {isa = PBXFileReference; lastKnownFileType = sourcecode.swift; path = LayoutHelper.swift; sourceTree = "<group>"; };
		A31FEA4321E445C5008D7667 /* FlowLayout.swift */ = {isa = PBXFileReference; lastKnownFileType = sourcecode.swift; path = FlowLayout.swift; sourceTree = "<group>"; };
		A31FEA4621E44848008D7667 /* WaterfallLayout.swift */ = {isa = PBXFileReference; lastKnownFileType = sourcecode.swift; path = WaterfallLayout.swift; sourceTree = "<group>"; };
		A31FEA4821E44854008D7667 /* LayoutProvider.swift */ = {isa = PBXFileReference; lastKnownFileType = sourcecode.swift; path = LayoutProvider.swift; sourceTree = "<group>"; };
		A31FEA4A21E44871008D7667 /* SortedLayoutProvider.swift */ = {isa = PBXFileReference; lastKnownFileType = sourcecode.swift; path = SortedLayoutProvider.swift; sourceTree = "<group>"; };
		A31FEA4C21E448E0008D7667 /* InsetLayout.swift */ = {isa = PBXFileReference; lastKnownFileType = sourcecode.swift; path = InsetLayout.swift; sourceTree = "<group>"; };
		A31FEA4E21E44981008D7667 /* ClosureViewProvider.swift */ = {isa = PBXFileReference; lastKnownFileType = sourcecode.swift; path = ClosureViewProvider.swift; sourceTree = "<group>"; };
		A31FEA5021E44A34008D7667 /* StickyLayout.swift */ = {isa = PBXFileReference; lastKnownFileType = sourcecode.swift; path = StickyLayout.swift; sourceTree = "<group>"; };
		A31FEA5221E462AB008D7667 /* VisibleFrameInset.swift */ = {isa = PBXFileReference; lastKnownFileType = sourcecode.swift; path = VisibleFrameInset.swift; sourceTree = "<group>"; };
		A327226F21F9328F00FBB493 /* UIView+CollectionKit.swift */ = {isa = PBXFileReference; fileEncoding = 4; lastKnownFileType = sourcecode.swift; path = "UIView+CollectionKit.swift"; sourceTree = "<group>"; };
		A3881A6021D595B00088FA90 /* Animator.swift */ = {isa = PBXFileReference; fileEncoding = 4; lastKnownFileType = sourcecode.swift; path = Animator.swift; sourceTree = "<group>"; };
		A3881A6221D59C640088FA90 /* AnimatedReloadAnimator.swift */ = {isa = PBXFileReference; lastKnownFileType = sourcecode.swift; path = AnimatedReloadAnimator.swift; sourceTree = "<group>"; };
/* End PBXFileReference section */

/* Begin PBXFrameworksBuildPhase section */
		A304892121C347010026EDA7 /* Frameworks */ = {
			isa = PBXFrameworksBuildPhase;
			buildActionMask = 2147483647;
			files = (
			);
			runOnlyForDeploymentPostprocessing = 0;
		};
/* End PBXFrameworksBuildPhase section */

/* Begin PBXGroup section */
		A304891B21C347010026EDA7 = {
			isa = PBXGroup;
			children = (
				A304892621C347010026EDA7 /* CollectionKit2 */,
				A304892521C347010026EDA7 /* Products */,
			);
			sourceTree = "<group>";
		};
		A304892521C347010026EDA7 /* Products */ = {
			isa = PBXGroup;
			children = (
				A304892421C347010026EDA7 /* CollectionKit2.app */,
			);
			name = Products;
			sourceTree = "<group>";
		};
		A304892621C347010026EDA7 /* CollectionKit2 */ = {
			isa = PBXGroup;
			children = (
				A304892721C347010026EDA7 /* AppDelegate.swift */,
				A304892921C347010026EDA7 /* ViewController.swift */,
				A3881A6221D59C640088FA90 /* AnimatedReloadAnimator.swift */,
				A3881A6621D5CA330088FA90 /* Sources */,
				A304892B21C347010026EDA7 /* Main.storyboard */,
				A304892E21C347020026EDA7 /* Assets.xcassets */,
				A304893021C347020026EDA7 /* LaunchScreen.storyboard */,
				A304893321C347020026EDA7 /* Info.plist */,
			);
			path = CollectionKit2;
			sourceTree = "<group>";
		};
		A31FEA4521E44837008D7667 /* Layout */ = {
			isa = PBXGroup;
			children = (
				A31FEA4821E44854008D7667 /* LayoutProvider.swift */,
				A31FEA4A21E44871008D7667 /* SortedLayoutProvider.swift */,
				A31FEA3D21DD1CDA008D7667 /* FlexLayout.swift */,
				A31FEA5021E44A34008D7667 /* StickyLayout.swift */,
				A31FEA5221E462AB008D7667 /* VisibleFrameInset.swift */,
				A31FEA4321E445C5008D7667 /* FlowLayout.swift */,
				A31FEA4C21E448E0008D7667 /* InsetLayout.swift */,
				A31FEA4621E44848008D7667 /* WaterfallLayout.swift */,
				A31FEA3F21DD1D14008D7667 /* LayoutHelper.swift */,
			);
			path = Layout;
			sourceTree = "<group>";
		};
		A3881A6621D5CA330088FA90 /* Sources */ = {
			isa = PBXGroup;
			children = (
				A304893921C347190026EDA7 /* CollectionView.swift */,
				A304894121C35F2F0026EDA7 /* CollectionReuseManager.swift */,
				A3881A6021D595B00088FA90 /* Animator.swift */,
				A304893F21C347420026EDA7 /* Provider.swift */,
				A31FEA4E21E44981008D7667 /* ClosureViewProvider.swift */,
				A31FEA4521E44837008D7667 /* Layout */,
				A304893B21C3472E0026EDA7 /* UIScrollView+CollectionKit.swift */,
				A327226F21F9328F00FBB493 /* UIView+CollectionKit.swift */,
				A304893C21C3472E0026EDA7 /* Util.swift */,
			);
			path = Sources;
			sourceTree = "<group>";
		};
/* End PBXGroup section */

/* Begin PBXNativeTarget section */
		A304892321C347010026EDA7 /* CollectionKit2 */ = {
			isa = PBXNativeTarget;
			buildConfigurationList = A304893621C347020026EDA7 /* Build configuration list for PBXNativeTarget "CollectionKit2" */;
			buildPhases = (
				A304892021C347010026EDA7 /* Sources */,
				A304892121C347010026EDA7 /* Frameworks */,
				A304892221C347010026EDA7 /* Resources */,
			);
			buildRules = (
			);
			dependencies = (
			);
			name = CollectionKit2;
			productName = CollectionKit2;
			productReference = A304892421C347010026EDA7 /* CollectionKit2.app */;
			productType = "com.apple.product-type.application";
		};
/* End PBXNativeTarget section */

/* Begin PBXProject section */
		A304891C21C347010026EDA7 /* Project object */ = {
			isa = PBXProject;
			attributes = {
				LastSwiftUpdateCheck = 1010;
				LastUpgradeCheck = 1010;
				ORGANIZATIONNAME = "Luke Zhao";
				TargetAttributes = {
					A304892321C347010026EDA7 = {
						CreatedOnToolsVersion = 10.1;
					};
				};
			};
			buildConfigurationList = A304891F21C347010026EDA7 /* Build configuration list for PBXProject "CollectionKit2" */;
			compatibilityVersion = "Xcode 9.3";
			developmentRegion = en;
			hasScannedForEncodings = 0;
			knownRegions = (
				en,
				Base,
			);
			mainGroup = A304891B21C347010026EDA7;
			productRefGroup = A304892521C347010026EDA7 /* Products */;
			projectDirPath = "";
			projectRoot = "";
			targets = (
				A304892321C347010026EDA7 /* CollectionKit2 */,
			);
		};
/* End PBXProject section */

/* Begin PBXResourcesBuildPhase section */
		A304892221C347010026EDA7 /* Resources */ = {
			isa = PBXResourcesBuildPhase;
			buildActionMask = 2147483647;
			files = (
				A304893221C347020026EDA7 /* LaunchScreen.storyboard in Resources */,
				A304892F21C347020026EDA7 /* Assets.xcassets in Resources */,
				A304892D21C347010026EDA7 /* Main.storyboard in Resources */,
			);
			runOnlyForDeploymentPostprocessing = 0;
		};
/* End PBXResourcesBuildPhase section */

/* Begin PBXSourcesBuildPhase section */
		A304892021C347010026EDA7 /* Sources */ = {
			isa = PBXSourcesBuildPhase;
			buildActionMask = 2147483647;
			files = (
				A31FEA3E21DD1CDA008D7667 /* FlexLayout.swift in Sources */,
				A31FEA4421E445C5008D7667 /* FlowLayout.swift in Sources */,
				A304893D21C3472E0026EDA7 /* UIScrollView+CollectionKit.swift in Sources */,
				A31FEA5321E462AB008D7667 /* VisibleFrameInset.swift in Sources */,
				A304893A21C347190026EDA7 /* CollectionView.swift in Sources */,
				A31FEA4F21E44981008D7667 /* ClosureViewProvider.swift in Sources */,
				A304894221C35F2F0026EDA7 /* CollectionReuseManager.swift in Sources */,
				A304893E21C3472E0026EDA7 /* Util.swift in Sources */,
				A304892A21C347010026EDA7 /* ViewController.swift in Sources */,
				A31FEA4721E44848008D7667 /* WaterfallLayout.swift in Sources */,
				A31FEA4021DD1D14008D7667 /* LayoutHelper.swift in Sources */,
				A31FEA5121E44A34008D7667 /* StickyLayout.swift in Sources */,
				A3881A6321D59C640088FA90 /* AnimatedReloadAnimator.swift in Sources */,
				A3881A6121D595B00088FA90 /* Animator.swift in Sources */,
				A31FEA4921E44854008D7667 /* LayoutProvider.swift in Sources */,
				A304894021C347420026EDA7 /* Provider.swift in Sources */,
				A31FEA4D21E448E0008D7667 /* InsetLayout.swift in Sources */,
				A327227021F9328F00FBB493 /* UIView+CollectionKit.swift in Sources */,
				A31FEA4B21E44871008D7667 /* SortedLayoutProvider.swift in Sources */,
				A304892821C347010026EDA7 /* AppDelegate.swift in Sources */,
			);
			runOnlyForDeploymentPostprocessing = 0;
		};
/* End PBXSourcesBuildPhase section */

/* Begin PBXVariantGroup section */
		A304892B21C347010026EDA7 /* Main.storyboard */ = {
			isa = PBXVariantGroup;
			children = (
				A304892C21C347010026EDA7 /* Base */,
			);
			name = Main.storyboard;
			sourceTree = "<group>";
		};
		A304893021C347020026EDA7 /* LaunchScreen.storyboard */ = {
			isa = PBXVariantGroup;
			children = (
				A304893121C347020026EDA7 /* Base */,
			);
			name = LaunchScreen.storyboard;
			sourceTree = "<group>";
		};
/* End PBXVariantGroup section */

/* Begin XCBuildConfiguration section */
		A304893421C347020026EDA7 /* Debug */ = {
			isa = XCBuildConfiguration;
			buildSettings = {
				ALWAYS_SEARCH_USER_PATHS = NO;
				CLANG_ANALYZER_NONNULL = YES;
				CLANG_ANALYZER_NUMBER_OBJECT_CONVERSION = YES_AGGRESSIVE;
				CLANG_CXX_LANGUAGE_STANDARD = "gnu++14";
				CLANG_CXX_LIBRARY = "libc++";
				CLANG_ENABLE_MODULES = YES;
				CLANG_ENABLE_OBJC_ARC = YES;
				CLANG_ENABLE_OBJC_WEAK = YES;
				CLANG_WARN_BLOCK_CAPTURE_AUTORELEASING = YES;
				CLANG_WARN_BOOL_CONVERSION = YES;
				CLANG_WARN_COMMA = YES;
				CLANG_WARN_CONSTANT_CONVERSION = YES;
				CLANG_WARN_DEPRECATED_OBJC_IMPLEMENTATIONS = YES;
				CLANG_WARN_DIRECT_OBJC_ISA_USAGE = YES_ERROR;
				CLANG_WARN_DOCUMENTATION_COMMENTS = YES;
				CLANG_WARN_EMPTY_BODY = YES;
				CLANG_WARN_ENUM_CONVERSION = YES;
				CLANG_WARN_INFINITE_RECURSION = YES;
				CLANG_WARN_INT_CONVERSION = YES;
				CLANG_WARN_NON_LITERAL_NULL_CONVERSION = YES;
				CLANG_WARN_OBJC_IMPLICIT_RETAIN_SELF = YES;
				CLANG_WARN_OBJC_LITERAL_CONVERSION = YES;
				CLANG_WARN_OBJC_ROOT_CLASS = YES_ERROR;
				CLANG_WARN_RANGE_LOOP_ANALYSIS = YES;
				CLANG_WARN_STRICT_PROTOTYPES = YES;
				CLANG_WARN_SUSPICIOUS_MOVE = YES;
				CLANG_WARN_UNGUARDED_AVAILABILITY = YES_AGGRESSIVE;
				CLANG_WARN_UNREACHABLE_CODE = YES;
				CLANG_WARN__DUPLICATE_METHOD_MATCH = YES;
				CODE_SIGN_IDENTITY = "iPhone Developer";
				COPY_PHASE_STRIP = NO;
				DEBUG_INFORMATION_FORMAT = dwarf;
				ENABLE_STRICT_OBJC_MSGSEND = YES;
				ENABLE_TESTABILITY = YES;
				GCC_C_LANGUAGE_STANDARD = gnu11;
				GCC_DYNAMIC_NO_PIC = NO;
				GCC_NO_COMMON_BLOCKS = YES;
				GCC_OPTIMIZATION_LEVEL = 0;
				GCC_PREPROCESSOR_DEFINITIONS = (
					"DEBUG=1",
					"$(inherited)",
				);
				GCC_WARN_64_TO_32_BIT_CONVERSION = YES;
				GCC_WARN_ABOUT_RETURN_TYPE = YES_ERROR;
				GCC_WARN_UNDECLARED_SELECTOR = YES;
				GCC_WARN_UNINITIALIZED_AUTOS = YES_AGGRESSIVE;
				GCC_WARN_UNUSED_FUNCTION = YES;
				GCC_WARN_UNUSED_VARIABLE = YES;
				IPHONEOS_DEPLOYMENT_TARGET = 12.1;
				MTL_ENABLE_DEBUG_INFO = INCLUDE_SOURCE;
				MTL_FAST_MATH = YES;
				ONLY_ACTIVE_ARCH = YES;
				SDKROOT = iphoneos;
				SWIFT_ACTIVE_COMPILATION_CONDITIONS = DEBUG;
				SWIFT_OPTIMIZATION_LEVEL = "-Onone";
			};
			name = Debug;
		};
		A304893521C347020026EDA7 /* Release */ = {
			isa = XCBuildConfiguration;
			buildSettings = {
				ALWAYS_SEARCH_USER_PATHS = NO;
				CLANG_ANALYZER_NONNULL = YES;
				CLANG_ANALYZER_NUMBER_OBJECT_CONVERSION = YES_AGGRESSIVE;
				CLANG_CXX_LANGUAGE_STANDARD = "gnu++14";
				CLANG_CXX_LIBRARY = "libc++";
				CLANG_ENABLE_MODULES = YES;
				CLANG_ENABLE_OBJC_ARC = YES;
				CLANG_ENABLE_OBJC_WEAK = YES;
				CLANG_WARN_BLOCK_CAPTURE_AUTORELEASING = YES;
				CLANG_WARN_BOOL_CONVERSION = YES;
				CLANG_WARN_COMMA = YES;
				CLANG_WARN_CONSTANT_CONVERSION = YES;
				CLANG_WARN_DEPRECATED_OBJC_IMPLEMENTATIONS = YES;
				CLANG_WARN_DIRECT_OBJC_ISA_USAGE = YES_ERROR;
				CLANG_WARN_DOCUMENTATION_COMMENTS = YES;
				CLANG_WARN_EMPTY_BODY = YES;
				CLANG_WARN_ENUM_CONVERSION = YES;
				CLANG_WARN_INFINITE_RECURSION = YES;
				CLANG_WARN_INT_CONVERSION = YES;
				CLANG_WARN_NON_LITERAL_NULL_CONVERSION = YES;
				CLANG_WARN_OBJC_IMPLICIT_RETAIN_SELF = YES;
				CLANG_WARN_OBJC_LITERAL_CONVERSION = YES;
				CLANG_WARN_OBJC_ROOT_CLASS = YES_ERROR;
				CLANG_WARN_RANGE_LOOP_ANALYSIS = YES;
				CLANG_WARN_STRICT_PROTOTYPES = YES;
				CLANG_WARN_SUSPICIOUS_MOVE = YES;
				CLANG_WARN_UNGUARDED_AVAILABILITY = YES_AGGRESSIVE;
				CLANG_WARN_UNREACHABLE_CODE = YES;
				CLANG_WARN__DUPLICATE_METHOD_MATCH = YES;
				CODE_SIGN_IDENTITY = "iPhone Developer";
				COPY_PHASE_STRIP = NO;
				DEBUG_INFORMATION_FORMAT = "dwarf-with-dsym";
				ENABLE_NS_ASSERTIONS = NO;
				ENABLE_STRICT_OBJC_MSGSEND = YES;
				GCC_C_LANGUAGE_STANDARD = gnu11;
				GCC_NO_COMMON_BLOCKS = YES;
				GCC_WARN_64_TO_32_BIT_CONVERSION = YES;
				GCC_WARN_ABOUT_RETURN_TYPE = YES_ERROR;
				GCC_WARN_UNDECLARED_SELECTOR = YES;
				GCC_WARN_UNINITIALIZED_AUTOS = YES_AGGRESSIVE;
				GCC_WARN_UNUSED_FUNCTION = YES;
				GCC_WARN_UNUSED_VARIABLE = YES;
				IPHONEOS_DEPLOYMENT_TARGET = 12.1;
				MTL_ENABLE_DEBUG_INFO = NO;
				MTL_FAST_MATH = YES;
				SDKROOT = iphoneos;
				SWIFT_COMPILATION_MODE = wholemodule;
				SWIFT_OPTIMIZATION_LEVEL = "-O";
				VALIDATE_PRODUCT = YES;
			};
			name = Release;
		};
		A304893721C347020026EDA7 /* Debug */ = {
			isa = XCBuildConfiguration;
			buildSettings = {
				ASSETCATALOG_COMPILER_APPICON_NAME = AppIcon;
				CODE_SIGN_STYLE = Automatic;
				INFOPLIST_FILE = CollectionKit2/Info.plist;
				LD_RUNPATH_SEARCH_PATHS = (
					"$(inherited)",
					"@executable_path/Frameworks",
				);
				PRODUCT_BUNDLE_IDENTIFIER = com.lkzhao.CollectionKit2;
				PRODUCT_NAME = "$(TARGET_NAME)";
				SWIFT_VERSION = 4.2;
				TARGETED_DEVICE_FAMILY = "1,2";
			};
			name = Debug;
		};
		A304893821C347020026EDA7 /* Release */ = {
			isa = XCBuildConfiguration;
			buildSettings = {
				ASSETCATALOG_COMPILER_APPICON_NAME = AppIcon;
				CODE_SIGN_STYLE = Automatic;
				INFOPLIST_FILE = CollectionKit2/Info.plist;
				LD_RUNPATH_SEARCH_PATHS = (
					"$(inherited)",
					"@executable_path/Frameworks",
				);
				PRODUCT_BUNDLE_IDENTIFIER = com.lkzhao.CollectionKit2;
				PRODUCT_NAME = "$(TARGET_NAME)";
				SWIFT_VERSION = 4.2;
				TARGETED_DEVICE_FAMILY = "1,2";
			};
			name = Release;
		};
/* End XCBuildConfiguration section */

/* Begin XCConfigurationList section */
		A304891F21C347010026EDA7 /* Build configuration list for PBXProject "CollectionKit2" */ = {
			isa = XCConfigurationList;
			buildConfigurations = (
				A304893421C347020026EDA7 /* Debug */,
				A304893521C347020026EDA7 /* Release */,
			);
			defaultConfigurationIsVisible = 0;
			defaultConfigurationName = Release;
		};
		A304893621C347020026EDA7 /* Build configuration list for PBXNativeTarget "CollectionKit2" */ = {
			isa = XCConfigurationList;
			buildConfigurations = (
				A304893721C347020026EDA7 /* Debug */,
				A304893821C347020026EDA7 /* Release */,
			);
			defaultConfigurationIsVisible = 0;
			defaultConfigurationName = Release;
		};
/* End XCConfigurationList section */
	};
	rootObject = A304891C21C347010026EDA7 /* Project object */;
}
