{
  "object": {
    "pins": [
      {
        "package": "BaseToolbox",
        "repositoryURL": "https://github.com/lkzhao/BaseToolbox",
        "state": {
          "branch": null,
          "revision": "0ce57936b566abb743c6a253aa267a36662cde97",
          "version": "0.1.10"
        }
      }
    ]
  },
  "version": 1
}
