{
  "object": {
    "pins": [
      {
        "package": "BaseToolbox",
        "repositoryURL": "https://github.com/lkzhao/BaseToolbox",
        "state": {
          "branch": null,
          "revision": "2962cea0ff0725629c0c90cddca1398faf2f807a",
          "version": "0.1.14"
        }
      }
    ]
  },
  "version": 1
}
