{
  "object": {
    "pins": [
      {
        "package": "BaseToolbox",
        "repositoryURL": "https://github.com/fanglinwei/BaseToolbox",
        "state": {
          "branch": null,
          "revision": "d3737f81a8571596a6c9a758f69d22aad76eeb24",
          "version": "0.1.8"
        }
      }
    ]
  },
  "version": 1
}
