{
  "object": {
    "pins": [
      {
        "package": "BaseToolbox",
        "repositoryURL": "https://github.com/fanglinwei/BaseToolbox",
        "state": {
          "branch": null,
          "revision": "d3737f81a8571596a6c9a758f69d22aad76eeb24",
          "version": "0.1.8"
        }
      },
      {
        "package": "Kingfisher",
        "repositoryURL": "https://github.com/onevcat/Kingfisher",
        "state": {
          "branch": null,
          "revision": "44450a8f564d7c0165f736ba2250649ff8d3e556",
          "version": "6.3.0"
        }
      }
    ]
  },
  "version": 1
}
