// !$*UTF8*$!
{
	archiveVersion = 1;
	classes = {
	};
	objectVersion = 52;
	objects = {

/* Begin PBXBuildFile section */
		A304892821C347010026EDA7 /* AppDelegate.swift in Sources */ = {isa = PBXBuildFile; fileRef = A304892721C347010026EDA7 /* AppDelegate.swift */; };
		A304892A21C347010026EDA7 /* ViewController.swift in Sources */ = {isa = PBXBuildFile; fileRef = A304892921C347010026EDA7 /* ViewController.swift */; };
		A304892D21C347010026EDA7 /* Main.storyboard in Resources */ = {isa = PBXBuildFile; fileRef = A304892B21C347010026EDA7 /* Main.storyboard */; };
		A304892F21C347020026EDA7 /* Assets.xcassets in Resources */ = {isa = PBXBuildFile; fileRef = A304892E21C347020026EDA7 /* Assets.xcassets */; };
		A304893221C347020026EDA7 /* LaunchScreen.storyboard in Resources */ = {isa = PBXBuildFile; fileRef = A304893021C347020026EDA7 /* LaunchScreen.storyboard */; };
		B10A123024F31D5E0076B038 /* CustomViewExample.swift in Sources */ = {isa = PBXBuildFile; fileRef = B10A122F24F31D5E0076B038 /* CustomViewExample.swift */; };
		B10A123224F31EAA0076B038 /* ComponentBuilderExample.swift in Sources */ = {isa = PBXBuildFile; fileRef = B10A123124F31EAA0076B038 /* ComponentBuilderExample.swift */; };
		B121A0A024F8771E00E59F78 /* UIComponent in Frameworks */ = {isa = PBXBuildFile; productRef = B121A09F24F8771E00E59F78 /* UIComponent */; };
		B1B5C47B266FD2D50035CF02 /* TabBarExample.swift in Sources */ = {isa = PBXBuildFile; fileRef = B1B5C47A266FD2D50035CF02 /* TabBarExample.swift */; };
		B1CFF31A24F1D95700B6AF88 /* TappableViewAdapter.swift in Sources */ = {isa = PBXBuildFile; fileRef = B1CFF31924F1D95700B6AF88 /* TappableViewAdapter.swift */; };
/* End PBXBuildFile section */

/* Begin PBXFileReference section */
		024B130A23E7B312004F4D00 /* CollectionKit3 */ = {isa = PBXFileReference; lastKnownFileType = folder; name = CollectionKit3; path = ..; sourceTree = "<group>"; };
		A304892421C347010026EDA7 /* UIComponentExample.app */ = {isa = PBXFileReference; explicitFileType = wrapper.application; includeInIndex = 0; path = UIComponentExample.app; sourceTree = BUILT_PRODUCTS_DIR; };
		A304892721C347010026EDA7 /* AppDelegate.swift */ = {isa = PBXFileReference; lastKnownFileType = sourcecode.swift; path = AppDelegate.swift; sourceTree = "<group>"; };
		A304892921C347010026EDA7 /* ViewController.swift */ = {isa = PBXFileReference; lastKnownFileType = sourcecode.swift; path = ViewController.swift; sourceTree = "<group>"; };
		A304892C21C347010026EDA7 /* Base */ = {isa = PBXFileReference; lastKnownFileType = file.storyboard; name = Base; path = Base.lproj/Main.storyboard; sourceTree = "<group>"; };
		A304892E21C347020026EDA7 /* Assets.xcassets */ = {isa = PBXFileReference; lastKnownFileType = folder.assetcatalog; path = Assets.xcassets; sourceTree = "<group>"; };
		A304893121C347020026EDA7 /* Base */ = {isa = PBXFileReference; lastKnownFileType = file.storyboard; name = Base; path = Base.lproj/LaunchScreen.storyboard; sourceTree = "<group>"; };
		A304893321C347020026EDA7 /* Info.plist */ = {isa = PBXFileReference; lastKnownFileType = text.plist.xml; path = Info.plist; sourceTree = "<group>"; };
		B10A122F24F31D5E0076B038 /* CustomViewExample.swift */ = {isa = PBXFileReference; lastKnownFileType = sourcecode.swift; path = CustomViewExample.swift; sourceTree = "<group>"; };
		B10A123124F31EAA0076B038 /* ComponentBuilderExample.swift */ = {isa = PBXFileReference; lastKnownFileType = sourcecode.swift; path = ComponentBuilderExample.swift; sourceTree = "<group>"; };
		B1B5C47A266FD2D50035CF02 /* TabBarExample.swift */ = {isa = PBXFileReference; lastKnownFileType = sourcecode.swift; path = TabBarExample.swift; sourceTree = "<group>"; };
		B1CFF31924F1D95700B6AF88 /* TappableViewAdapter.swift */ = {isa = PBXFileReference; lastKnownFileType = sourcecode.swift; path = TappableViewAdapter.swift; sourceTree = "<group>"; };
/* End PBXFileReference section */

/* Begin PBXFrameworksBuildPhase section */
		A304892121C347010026EDA7 /* Frameworks */ = {
			isa = PBXFrameworksBuildPhase;
			buildActionMask = 2147483647;
			files = (
				B121A0A024F8771E00E59F78 /* UIComponent in Frameworks */,
			);
			runOnlyForDeploymentPostprocessing = 0;
		};
/* End PBXFrameworksBuildPhase section */

/* Begin PBXGroup section */
		024B130123E7AC3C004F4D00 /* Frameworks */ = {
			isa = PBXGroup;
			children = (
				024B130A23E7B312004F4D00 /* CollectionKit3 */,
			);
			name = Frameworks;
			sourceTree = "<group>";
		};
		A304891B21C347010026EDA7 = {
			isa = PBXGroup;
			children = (
				A304892621C347010026EDA7 /* UIComponentExample */,
				A304892521C347010026EDA7 /* Products */,
				024B130123E7AC3C004F4D00 /* Frameworks */,
			);
			indentWidth = 2;
			sourceTree = "<group>";
			tabWidth = 2;
		};
		A304892521C347010026EDA7 /* Products */ = {
			isa = PBXGroup;
			children = (
				A304892421C347010026EDA7 /* UIComponentExample.app */,
			);
			name = Products;
			sourceTree = "<group>";
		};
		A304892621C347010026EDA7 /* UIComponentExample */ = {
			isa = PBXGroup;
			children = (
				A304892721C347010026EDA7 /* AppDelegate.swift */,
				A304892921C347010026EDA7 /* ViewController.swift */,
				B10A122F24F31D5E0076B038 /* CustomViewExample.swift */,
				B1B5C47A266FD2D50035CF02 /* TabBarExample.swift */,
				B10A123124F31EAA0076B038 /* ComponentBuilderExample.swift */,
				B1CFF31924F1D95700B6AF88 /* TappableViewAdapter.swift */,
				A304892B21C347010026EDA7 /* Main.storyboard */,
				A304892E21C347020026EDA7 /* Assets.xcassets */,
				A304893021C347020026EDA7 /* LaunchScreen.storyboard */,
				A304893321C347020026EDA7 /* Info.plist */,
			);
			path = UIComponentExample;
			sourceTree = "<group>";
		};
/* End PBXGroup section */

/* Begin PBXNativeTarget section */
		A304892321C347010026EDA7 /* UIComponentExample */ = {
			isa = PBXNativeTarget;
			buildConfigurationList = A304893621C347020026EDA7 /* Build configuration list for PBXNativeTarget "UIComponentExample" */;
			buildPhases = (
				A304892021C347010026EDA7 /* Sources */,
				A304892121C347010026EDA7 /* Frameworks */,
				A304892221C347010026EDA7 /* Resources */,
			);
			buildRules = (
			);
			dependencies = (
			);
			name = UIComponentExample;
			packageProductDependencies = (
				B121A09F24F8771E00E59F78 /* UIComponent */,
			);
			productName = CollectionKit3;
			productReference = A304892421C347010026EDA7 /* UIComponentExample.app */;
			productType = "com.apple.product-type.application";
		};
/* End PBXNativeTarget section */

/* Begin PBXProject section */
		A304891C21C347010026EDA7 /* Project object */ = {
			isa = PBXProject;
			attributes = {
				LastSwiftUpdateCheck = 1010;
				LastUpgradeCheck = 1010;
				ORGANIZATIONNAME = "Luke Zhao";
				TargetAttributes = {
					A304892321C347010026EDA7 = {
						CreatedOnToolsVersion = 10.1;
						LastSwiftMigration = 1130;
					};
				};
			};
			buildConfigurationList = A304891F21C347010026EDA7 /* Build configuration list for PBXProject "UIComponentExample" */;
			compatibilityVersion = "Xcode 9.3";
			developmentRegion = en;
			hasScannedForEncodings = 0;
			knownRegions = (
				en,
				Base,
			);
			mainGroup = A304891B21C347010026EDA7;
			productRefGroup = A304892521C347010026EDA7 /* Products */;
			projectDirPath = "";
			projectRoot = "";
			targets = (
				A304892321C347010026EDA7 /* UIComponentExample */,
			);
		};
/* End PBXProject section */

/* Begin PBXResourcesBuildPhase section */
		A304892221C347010026EDA7 /* Resources */ = {
			isa = PBXResourcesBuildPhase;
			buildActionMask = 2147483647;
			files = (
				A304893221C347020026EDA7 /* LaunchScreen.storyboard in Resources */,
				A304892F21C347020026EDA7 /* Assets.xcassets in Resources */,
				A304892D21C347010026EDA7 /* Main.storyboard in Resources */,
			);
			runOnlyForDeploymentPostprocessing = 0;
		};
/* End PBXResourcesBuildPhase section */

/* Begin PBXSourcesBuildPhase section */
		A304892021C347010026EDA7 /* Sources */ = {
			isa = PBXSourcesBuildPhase;
			buildActionMask = 2147483647;
			files = (
				B1B5C47B266FD2D50035CF02 /* TabBarExample.swift in Sources */,
				B10A123024F31D5E0076B038 /* CustomViewExample.swift in Sources */,
				B1CFF31A24F1D95700B6AF88 /* TappableViewAdapter.swift in Sources */,
				B10A123224F31EAA0076B038 /* ComponentBuilderExample.swift in Sources */,
				A304892A21C347010026EDA7 /* ViewController.swift in Sources */,
				A304892821C347010026EDA7 /* AppDelegate.swift in Sources */,
			);
			runOnlyForDeploymentPostprocessing = 0;
		};
/* End PBXSourcesBuildPhase section */

/* Begin PBXVariantGroup section */
		A304892B21C347010026EDA7 /* Main.storyboard */ = {
			isa = PBXVariantGroup;
			children = (
				A304892C21C347010026EDA7 /* Base */,
			);
			name = Main.storyboard;
			sourceTree = "<group>";
		};
		A304893021C347020026EDA7 /* LaunchScreen.storyboard */ = {
			isa = PBXVariantGroup;
			children = (
				A304893121C347020026EDA7 /* Base */,
			);
			name = LaunchScreen.storyboard;
			sourceTree = "<group>";
		};
/* End PBXVariantGroup section */

/* Begin XCBuildConfiguration section */
		A304893421C347020026EDA7 /* Debug */ = {
			isa = XCBuildConfiguration;
			buildSettings = {
				ALWAYS_SEARCH_USER_PATHS = NO;
				CLANG_ANALYZER_NONNULL = YES;
				CLANG_ANALYZER_NUMBER_OBJECT_CONVERSION = YES_AGGRESSIVE;
				CLANG_CXX_LANGUAGE_STANDARD = "gnu++14";
				CLANG_CXX_LIBRARY = "libc++";
				CLANG_ENABLE_MODULES = YES;
				CLANG_ENABLE_OBJC_ARC = YES;
				CLANG_ENABLE_OBJC_WEAK = YES;
				CLANG_WARN_BLOCK_CAPTURE_AUTORELEASING = YES;
				CLANG_WARN_BOOL_CONVERSION = YES;
				CLANG_WARN_COMMA = YES;
				CLANG_WARN_CONSTANT_CONVERSION = YES;
				CLANG_WARN_DEPRECATED_OBJC_IMPLEMENTATIONS = YES;
				CLANG_WARN_DIRECT_OBJC_ISA_USAGE = YES_ERROR;
				CLANG_WARN_DOCUMENTATION_COMMENTS = YES;
				CLANG_WARN_EMPTY_BODY = YES;
				CLANG_WARN_ENUM_CONVERSION = YES;
				CLANG_WARN_INFINITE_RECURSION = YES;
				CLANG_WARN_INT_CONVERSION = YES;
				CLANG_WARN_NON_LITERAL_NULL_CONVERSION = YES;
				CLANG_WARN_OBJC_IMPLICIT_RETAIN_SELF = YES;
				CLANG_WARN_OBJC_LITERAL_CONVERSION = YES;
				CLANG_WARN_OBJC_ROOT_CLASS = YES_ERROR;
				CLANG_WARN_RANGE_LOOP_ANALYSIS = YES;
				CLANG_WARN_STRICT_PROTOTYPES = YES;
				CLANG_WARN_SUSPICIOUS_MOVE = YES;
				CLANG_WARN_UNGUARDED_AVAILABILITY = YES_AGGRESSIVE;
				CLANG_WARN_UNREACHABLE_CODE = YES;
				CLANG_WARN__DUPLICATE_METHOD_MATCH = YES;
				CODE_SIGN_IDENTITY = "iPhone Developer";
				COPY_PHASE_STRIP = NO;
				DEBUG_INFORMATION_FORMAT = dwarf;
				ENABLE_STRICT_OBJC_MSGSEND = YES;
				ENABLE_TESTABILITY = YES;
				GCC_C_LANGUAGE_STANDARD = gnu11;
				GCC_DYNAMIC_NO_PIC = NO;
				GCC_NO_COMMON_BLOCKS = YES;
				GCC_OPTIMIZATION_LEVEL = 0;
				GCC_PREPROCESSOR_DEFINITIONS = (
					"DEBUG=1",
					"$(inherited)",
				);
				GCC_WARN_64_TO_32_BIT_CONVERSION = YES;
				GCC_WARN_ABOUT_RETURN_TYPE = YES_ERROR;
				GCC_WARN_UNDECLARED_SELECTOR = YES;
				GCC_WARN_UNINITIALIZED_AUTOS = YES_AGGRESSIVE;
				GCC_WARN_UNUSED_FUNCTION = YES;
				GCC_WARN_UNUSED_VARIABLE = YES;
				IPHONEOS_DEPLOYMENT_TARGET = 12.0;
				MTL_ENABLE_DEBUG_INFO = INCLUDE_SOURCE;
				MTL_FAST_MATH = YES;
				ONLY_ACTIVE_ARCH = YES;
				SDKROOT = iphoneos;
				SWIFT_ACTIVE_COMPILATION_CONDITIONS = DEBUG;
				SWIFT_OPTIMIZATION_LEVEL = "-Onone";
			};
			name = Debug;
		};
		A304893521C347020026EDA7 /* Release */ = {
			isa = XCBuildConfiguration;
			buildSettings = {
				ALWAYS_SEARCH_USER_PATHS = NO;
				CLANG_ANALYZER_NONNULL = YES;
				CLANG_ANALYZER_NUMBER_OBJECT_CONVERSION = YES_AGGRESSIVE;
				CLANG_CXX_LANGUAGE_STANDARD = "gnu++14";
				CLANG_CXX_LIBRARY = "libc++";
				CLANG_ENABLE_MODULES = YES;
				CLANG_ENABLE_OBJC_ARC = YES;
				CLANG_ENABLE_OBJC_WEAK = YES;
				CLANG_WARN_BLOCK_CAPTURE_AUTORELEASING = YES;
				CLANG_WARN_BOOL_CONVERSION = YES;
				CLANG_WARN_COMMA = YES;
				CLANG_WARN_CONSTANT_CONVERSION = YES;
				CLANG_WARN_DEPRECATED_OBJC_IMPLEMENTATIONS = YES;
				CLANG_WARN_DIRECT_OBJC_ISA_USAGE = YES_ERROR;
				CLANG_WARN_DOCUMENTATION_COMMENTS = YES;
				CLANG_WARN_EMPTY_BODY = YES;
				CLANG_WARN_ENUM_CONVERSION = YES;
				CLANG_WARN_INFINITE_RECURSION = YES;
				CLANG_WARN_INT_CONVERSION = YES;
				CLANG_WARN_NON_LITERAL_NULL_CONVERSION = YES;
				CLANG_WARN_OBJC_IMPLICIT_RETAIN_SELF = YES;
				CLANG_WARN_OBJC_LITERAL_CONVERSION = YES;
				CLANG_WARN_OBJC_ROOT_CLASS = YES_ERROR;
				CLANG_WARN_RANGE_LOOP_ANALYSIS = YES;
				CLANG_WARN_STRICT_PROTOTYPES = YES;
				CLANG_WARN_SUSPICIOUS_MOVE = YES;
				CLANG_WARN_UNGUARDED_AVAILABILITY = YES_AGGRESSIVE;
				CLANG_WARN_UNREACHABLE_CODE = YES;
				CLANG_WARN__DUPLICATE_METHOD_MATCH = YES;
				CODE_SIGN_IDENTITY = "iPhone Developer";
				COPY_PHASE_STRIP = NO;
				DEBUG_INFORMATION_FORMAT = "dwarf-with-dsym";
				ENABLE_NS_ASSERTIONS = NO;
				ENABLE_STRICT_OBJC_MSGSEND = YES;
				GCC_C_LANGUAGE_STANDARD = gnu11;
				GCC_NO_COMMON_BLOCKS = YES;
				GCC_WARN_64_TO_32_BIT_CONVERSION = YES;
				GCC_WARN_ABOUT_RETURN_TYPE = YES_ERROR;
				GCC_WARN_UNDECLARED_SELECTOR = YES;
				GCC_WARN_UNINITIALIZED_AUTOS = YES_AGGRESSIVE;
				GCC_WARN_UNUSED_FUNCTION = YES;
				GCC_WARN_UNUSED_VARIABLE = YES;
				IPHONEOS_DEPLOYMENT_TARGET = 12.0;
				MTL_ENABLE_DEBUG_INFO = NO;
				MTL_FAST_MATH = YES;
				SDKROOT = iphoneos;
				SWIFT_COMPILATION_MODE = wholemodule;
				SWIFT_OPTIMIZATION_LEVEL = "-O";
				VALIDATE_PRODUCT = YES;
			};
			name = Release;
		};
		A304893721C347020026EDA7 /* Debug */ = {
			isa = XCBuildConfiguration;
			buildSettings = {
				ASSETCATALOG_COMPILER_APPICON_NAME = AppIcon;
				CODE_SIGN_STYLE = Automatic;
				INFOPLIST_FILE = "$(SRCROOT)/UIComponentExample/Info.plist";
				IPHONEOS_DEPLOYMENT_TARGET = 13.0;
				LD_RUNPATH_SEARCH_PATHS = (
					"$(inherited)",
					"@executable_path/Frameworks",
				);
				MARKETING_VERSION = 1.0;
				PRODUCT_BUNDLE_IDENTIFIER = com.lkzhao.UIComponent.example;
				PRODUCT_NAME = "$(TARGET_NAME)";
				SWIFT_VERSION = 5.0;
				TARGETED_DEVICE_FAMILY = "1,2";
			};
			name = Debug;
		};
		A304893821C347020026EDA7 /* Release */ = {
			isa = XCBuildConfiguration;
			buildSettings = {
				ASSETCATALOG_COMPILER_APPICON_NAME = AppIcon;
				CODE_SIGN_STYLE = Automatic;
				INFOPLIST_FILE = "$(SRCROOT)/UIComponentExample/Info.plist";
				IPHONEOS_DEPLOYMENT_TARGET = 13.0;
				LD_RUNPATH_SEARCH_PATHS = (
					"$(inherited)",
					"@executable_path/Frameworks",
				);
				MARKETING_VERSION = 1.0;
				PRODUCT_BUNDLE_IDENTIFIER = com.lkzhao.UIComponent.example;
				PRODUCT_NAME = "$(TARGET_NAME)";
				SWIFT_VERSION = 5.0;
				TARGETED_DEVICE_FAMILY = "1,2";
			};
			name = Release;
		};
/* End XCBuildConfiguration section */

/* Begin XCConfigurationList section */
		A304891F21C347010026EDA7 /* Build configuration list for PBXProject "UIComponentExample" */ = {
			isa = XCConfigurationList;
			buildConfigurations = (
				A304893421C347020026EDA7 /* Debug */,
				A304893521C347020026EDA7 /* Release */,
			);
			defaultConfigurationIsVisible = 0;
			defaultConfigurationName = Release;
		};
		A304893621C347020026EDA7 /* Build configuration list for PBXNativeTarget "UIComponentExample" */ = {
			isa = XCConfigurationList;
			buildConfigurations = (
				A304893721C347020026EDA7 /* Debug */,
				A304893821C347020026EDA7 /* Release */,
			);
			defaultConfigurationIsVisible = 0;
			defaultConfigurationName = Release;
		};
/* End XCConfigurationList section */

/* Begin XCSwiftPackageProductDependency section */
		B121A09F24F8771E00E59F78 /* UIComponent */ = {
			isa = XCSwiftPackageProductDependency;
			productName = UIComponent;
		};
/* End XCSwiftPackageProductDependency section */
	};
	rootObject = A304891C21C347010026EDA7 /* Project object */;
}
